
Microsoft Visual Studio Solution File, Format Version 12.00
# Visual Studio Version 17
VisualStudioVersion = 17.0.31903.59
MinimumVisualStudioVersion = 10.0.40219.1
Project("{2150E333-8FDC-42A3-9474-1A3956D46DE8}") = "Overview", "Overview", "{57E3A90B-AE82-42D3-B197-823136E909E3}"
EndProject
Project("{FAE04EC0-301F-11D3-BF4B-00C04F79EFBC}") = "HelloWorld", "Overview\HelloWorld\HelloWorld.csproj", "{5B3BAC05-AA3A-4AEE-BCC5-EB6A5384337B}"
EndProject
Project("{FAE04EC0-301F-11D3-BF4B-00C04F79EFBC}") = "VarsAndData", "Overview\VarsAndData\VarsAndData.csproj", "{1A40E2B7-5417-4EE6-AE35-39B50111DAE5}"
EndProject
Project("{FAE04EC0-301F-11D3-BF4B-00C04F79EFBC}") = "Operators", "Overview\Operators\Operators.csproj", "{8C904F13-155C-4541-AE4C-0C572820DE5A}"
EndProject
Project("{FAE04EC0-301F-11D3-BF4B-00C04F79EFBC}") = "Comments", "Overview\Comments\Comments.csproj", "{5DF40CAB-DB48-4E3D-9396-4905F30CA518}"
EndProject
Project("{2150E333-8FDC-42A3-9474-1A3956D46DE8}") = "Program Flow", "Program Flow", "{F12515F8-0D43-4456-8AC1-2E9F055FA7EB}"
EndProject
Project("{FAE04EC0-301F-11D3-BF4B-00C04F79EFBC}") = "Conditional-if", "Program Flow\Conditional-if\Conditional-if.csproj", "{4B45BE1F-6774-4B22-9814-CD547191346E}"
EndProject
Project("{FAE04EC0-301F-11D3-BF4B-00C04F79EFBC}") = "Conditional-switch", "Program Flow\Conditional-switch\Conditional-switch.csproj", "{964DA75D-C420-42CC-BBED-B02082AA5310}"
EndProject
Global
	GlobalSection(SolutionConfigurationPlatforms) = preSolution
		Debug|Any CPU = Debug|Any CPU
		Release|Any CPU = Release|Any CPU
	EndGlobalSection
	GlobalSection(ProjectConfigurationPlatforms) = postSolution
		{5B3BAC05-AA3A-4AEE-BCC5-EB6A5384337B}.Debug|Any CPU.ActiveCfg = Debug|Any CPU
		{5B3BAC05-AA3A-4AEE-BCC5-EB6A5384337B}.Debug|Any CPU.Build.0 = Debug|Any CPU
		{5B3BAC05-AA3A-4AEE-BCC5-EB6A5384337B}.Release|Any CPU.ActiveCfg = Release|Any CPU
		{5B3BAC05-AA3A-4AEE-BCC5-EB6A5384337B}.Release|Any CPU.Build.0 = Release|Any CPU
		{1A40E2B7-5417-4EE6-AE35-39B50111DAE5}.Debug|Any CPU.ActiveCfg = Debug|Any CPU
		{1A40E2B7-5417-4EE6-AE35-39B50111DAE5}.Debug|Any CPU.Build.0 = Debug|Any CPU
		{1A40E2B7-5417-4EE6-AE35-39B50111DAE5}.Release|Any CPU.ActiveCfg = Release|Any CPU
		{1A40E2B7-5417-4EE6-AE35-39B50111DAE5}.Release|Any CPU.Build.0 = Release|Any CPU
		{8C904F13-155C-4541-AE4C-0C572820DE5A}.Debug|Any CPU.ActiveCfg = Debug|Any CPU
		{8C904F13-155C-4541-AE4C-0C572820DE5A}.Debug|Any CPU.Build.0 = Debug|Any CPU
		{8C904F13-155C-4541-AE4C-0C572820DE5A}.Release|Any CPU.ActiveCfg = Release|Any CPU
		{8C904F13-155C-4541-AE4C-0C572820DE5A}.Release|Any CPU.Build.0 = Release|Any CPU
		{5DF40CAB-DB48-4E3D-9396-4905F30CA518}.Debug|Any CPU.ActiveCfg = Debug|Any CPU
		{5DF40CAB-DB48-4E3D-9396-4905F30CA518}.Debug|Any CPU.Build.0 = Debug|Any CPU
		{5DF40CAB-DB48-4E3D-9396-4905F30CA518}.Release|Any CPU.ActiveCfg = Release|Any CPU
		{5DF40CAB-DB48-4E3D-9396-4905F30CA518}.Release|Any CPU.Build.0 = Release|Any CPU
		{4B45BE1F-6774-4B22-9814-CD547191346E}.Debug|Any CPU.ActiveCfg = Debug|Any CPU
		{4B45BE1F-6774-4B22-9814-CD547191346E}.Debug|Any CPU.Build.0 = Debug|Any CPU
		{4B45BE1F-6774-4B22-9814-CD547191346E}.Release|Any CPU.ActiveCfg = Release|Any CPU
		{4B45BE1F-6774-4B22-9814-CD547191346E}.Release|Any CPU.Build.0 = Release|Any CPU
		{964DA75D-C420-42CC-BBED-B02082AA5310}.Debug|Any CPU.ActiveCfg = Debug|Any CPU
		{964DA75D-C420-42CC-BBED-B02082AA5310}.Debug|Any CPU.Build.0 = Debug|Any CPU
		{964DA75D-C420-42CC-BBED-B02082AA5310}.Release|Any CPU.ActiveCfg = Release|Any CPU
		{964DA75D-C420-42CC-BBED-B02082AA5310}.Release|Any CPU.Build.0 = Release|Any CPU
	EndGlobalSection
	GlobalSection(SolutionProperties) = preSolution
		HideSolutionNode = FALSE
	EndGlobalSection
	GlobalSection(NestedProjects) = preSolution
		{5B3BAC05-AA3A-4AEE-BCC5-EB6A5384337B} = {57E3A90B-AE82-42D3-B197-823136E909E3}
		{1A40E2B7-5417-4EE6-AE35-39B50111DAE5} = {57E3A90B-AE82-42D3-B197-823136E909E3}
		{8C904F13-155C-4541-AE4C-0C572820DE5A} = {57E3A90B-AE82-42D3-B197-823136E909E3}
		{5DF40CAB-DB48-4E3D-9396-4905F30CA518} = {57E3A90B-AE82-42D3-B197-823136E909E3}
		{4B45BE1F-6774-4B22-9814-CD547191346E} = {F12515F8-0D43-4456-8AC1-2E9F055FA7EB}
		{964DA75D-C420-42CC-BBED-B02082AA5310} = {F12515F8-0D43-4456-8AC1-2E9F055FA7EB}
	EndGlobalSection
EndGlobal
