
Microsoft Visual Studio Solution File, Format Version 12.00
# Visual Studio Version 17
VisualStudioVersion = 17.0.31903.59
MinimumVisualStudioVersion = 10.0.40219.1
Project("{2150E333-8FDC-42A3-9474-1A3956D46DE8}") = "Overview", "Overview", "{57E3A90B-AE82-42D3-B197-823136E909E3}"
EndProject
Project("{FAE04EC0-301F-11D3-BF4B-00C04F79EFBC}") = "HelloWorld", "Overview\HelloWorld\HelloWorld.csproj", "{5B3BAC05-AA3A-4AEE-BCC5-EB6A5384337B}"
EndProject
Project("{FAE04EC0-301F-11D3-BF4B-00C04F79EFBC}") = "VarsAndData", "Overview\VarsAndData\VarsAndData.csproj", "{1A40E2B7-5417-4EE6-AE35-39B50111DAE5}"
EndProject
Project("{FAE04EC0-301F-11D3-BF4B-00C04F79EFBC}") = "Operators", "Overview\Operators\Operators.csproj", "{8C904F13-155C-4541-AE4C-0C572820DE5A}"
EndProject
Project("{FAE04EC0-301F-11D3-BF4B-00C04F79EFBC}") = "Comments", "Overview\Comments\Comments.csproj", "{5DF40CAB-DB48-4E3D-9396-4905F30CA518}"
EndProject
Project("{2150E333-8FDC-42A3-9474-1A3956D46DE8}") = "Program Flow", "Program Flow", "{F12515F8-0D43-4456-8AC1-2E9F055FA7EB}"
EndProject
Project("{FAE04EC0-301F-11D3-BF4B-00C04F79EFBC}") = "Conditional-if", "Program Flow\Conditional-if\Conditional-if.csproj", "{4B45BE1F-6774-4B22-9814-CD547191346E}"
EndProject
Project("{FAE04EC0-301F-11D3-BF4B-00C04F79EFBC}") = "Conditional-switch", "Program Flow\Conditional-switch\Conditional-switch.csproj", "{964DA75D-C420-42CC-BBED-B02082AA5310}"
EndProject
Project("{FAE04EC0-301F-11D3-BF4B-00C04F79EFBC}") = "ForLoops", "Program Flow\ForLoops\ForLoops.csproj", "{0DCA2E20-C768-45F6-9DFC-56F2385838FE}"
EndProject
Project("{FAE04EC0-301F-11D3-BF4B-00C04F79EFBC}") = "WhileLoops", "Program Flow\WhileLoops\WhileLoops.csproj", "{18F4F924-FCD1-43D4-A9A7-EF9A12D35BBE}"
EndProject
Project("{FAE04EC0-301F-11D3-BF4B-00C04F79EFBC}") = "BreakContinue", "Program Flow\BreakContinue\BreakContinue.csproj", "{55985F15-BCA2-42FF-A5F1-25AFA58EE4F1}"
EndProject
Project("{FAE04EC0-301F-11D3-BF4B-00C04F79EFBC}") = "Exceptions", "Program Flow\Exceptions\Exceptions.csproj", "{BA721EFB-0D52-469D-BFC3-B183AF57C07F}"
EndProject
Project("{2150E333-8FDC-42A3-9474-1A3956D46DE8}") = "Strings", "Strings", "{F4803762-6445-4159-B1B5-74DABA5C87D8}"
EndProject
Project("{FAE04EC0-301F-11D3-BF4B-00C04F79EFBC}") = "Operations", "Strings\Operations\Operations.csproj", "{0CABC97F-4F34-44D9-BA56-F8C5443BA3FD}"
EndProject
Project("{FAE04EC0-301F-11D3-BF4B-00C04F79EFBC}") = "Formatting", "Strings\Formatting\Formatting.csproj", "{DA0CF37B-07D5-4FEE-A21C-A070113C9A23}"
EndProject
Project("{FAE04EC0-301F-11D3-BF4B-00C04F79EFBC}") = "Interpolation", "Strings\Interpolation\Interpolation.csproj", "{21CFD1D4-8D7F-4A3D-A529-F952DAAA9214}"
EndProject
Project("{FAE04EC0-301F-11D3-BF4B-00C04F79EFBC}") = "Builder", "Strings\Builder\Builder.csproj", "{39ECE61F-EEFF-446E-AB53-69EAC3B1BC27}"
EndProject
Project("{FAE04EC0-301F-11D3-BF4B-00C04F79EFBC}") = "Parsing", "Strings\Parsing\Parsing.csproj", "{A1D0E05A-8E49-4B35-9B22-101E4CAAFC78}"
EndProject
Project("{FAE04EC0-301F-11D3-BF4B-00C04F79EFBC}") = "ProgChallengeStart", "Strings\ProgChallengeStart\ProgChallengeStart.csproj", "{0139C30E-D7C6-4431-B601-34E1A2024EE6}"
EndProject
Project("{2150E333-8FDC-42A3-9474-1A3956D46DE8}") = "Functions", "Functions", "{8F207D4C-A234-4186-9A98-7037497557A1}"
EndProject
Project("{FAE04EC0-301F-11D3-BF4B-00C04F79EFBC}") = "Basics", "Functions\Basics\Basics.csproj", "{A709586A-F9BB-4313-8A2E-3582C12F85F5}"
EndProject
Project("{FAE04EC0-301F-11D3-BF4B-00C04F79EFBC}") = "DefaultParams", "Functions\DefaultParams\DefaultParams.csproj", "{94F9C925-5E65-44C2-8F73-AF140DBD1EA0}"
EndProject
Project("{FAE04EC0-301F-11D3-BF4B-00C04F79EFBC}") = "RefAndOutParams", "Functions\RefAndOutParams\RefAndOutParams.csproj", "{3560699F-DD7F-4BA2-9DF9-FBCAB8577163}"
EndProject
Global
	GlobalSection(SolutionConfigurationPlatforms) = preSolution
		Debug|Any CPU = Debug|Any CPU
		Release|Any CPU = Release|Any CPU
	EndGlobalSection
	GlobalSection(ProjectConfigurationPlatforms) = postSolution
		{5B3BAC05-AA3A-4AEE-BCC5-EB6A5384337B}.Debug|Any CPU.ActiveCfg = Debug|Any CPU
		{5B3BAC05-AA3A-4AEE-BCC5-EB6A5384337B}.Debug|Any CPU.Build.0 = Debug|Any CPU
		{5B3BAC05-AA3A-4AEE-BCC5-EB6A5384337B}.Release|Any CPU.ActiveCfg = Release|Any CPU
		{5B3BAC05-AA3A-4AEE-BCC5-EB6A5384337B}.Release|Any CPU.Build.0 = Release|Any CPU
		{1A40E2B7-5417-4EE6-AE35-39B50111DAE5}.Debug|Any CPU.ActiveCfg = Debug|Any CPU
		{1A40E2B7-5417-4EE6-AE35-39B50111DAE5}.Debug|Any CPU.Build.0 = Debug|Any CPU
		{1A40E2B7-5417-4EE6-AE35-39B50111DAE5}.Release|Any CPU.ActiveCfg = Release|Any CPU
		{1A40E2B7-5417-4EE6-AE35-39B50111DAE5}.Release|Any CPU.Build.0 = Release|Any CPU
		{8C904F13-155C-4541-AE4C-0C572820DE5A}.Debug|Any CPU.ActiveCfg = Debug|Any CPU
		{8C904F13-155C-4541-AE4C-0C572820DE5A}.Debug|Any CPU.Build.0 = Debug|Any CPU
		{8C904F13-155C-4541-AE4C-0C572820DE5A}.Release|Any CPU.ActiveCfg = Release|Any CPU
		{8C904F13-155C-4541-AE4C-0C572820DE5A}.Release|Any CPU.Build.0 = Release|Any CPU
		{5DF40CAB-DB48-4E3D-9396-4905F30CA518}.Debug|Any CPU.ActiveCfg = Debug|Any CPU
		{5DF40CAB-DB48-4E3D-9396-4905F30CA518}.Debug|Any CPU.Build.0 = Debug|Any CPU
		{5DF40CAB-DB48-4E3D-9396-4905F30CA518}.Release|Any CPU.ActiveCfg = Release|Any CPU
		{5DF40CAB-DB48-4E3D-9396-4905F30CA518}.Release|Any CPU.Build.0 = Release|Any CPU
		{4B45BE1F-6774-4B22-9814-CD547191346E}.Debug|Any CPU.ActiveCfg = Debug|Any CPU
		{4B45BE1F-6774-4B22-9814-CD547191346E}.Debug|Any CPU.Build.0 = Debug|Any CPU
		{4B45BE1F-6774-4B22-9814-CD547191346E}.Release|Any CPU.ActiveCfg = Release|Any CPU
		{4B45BE1F-6774-4B22-9814-CD547191346E}.Release|Any CPU.Build.0 = Release|Any CPU
		{964DA75D-C420-42CC-BBED-B02082AA5310}.Debug|Any CPU.ActiveCfg = Debug|Any CPU
		{964DA75D-C420-42CC-BBED-B02082AA5310}.Debug|Any CPU.Build.0 = Debug|Any CPU
		{964DA75D-C420-42CC-BBED-B02082AA5310}.Release|Any CPU.ActiveCfg = Release|Any CPU
		{964DA75D-C420-42CC-BBED-B02082AA5310}.Release|Any CPU.Build.0 = Release|Any CPU
		{0DCA2E20-C768-45F6-9DFC-56F2385838FE}.Debug|Any CPU.ActiveCfg = Debug|Any CPU
		{0DCA2E20-C768-45F6-9DFC-56F2385838FE}.Debug|Any CPU.Build.0 = Debug|Any CPU
		{0DCA2E20-C768-45F6-9DFC-56F2385838FE}.Release|Any CPU.ActiveCfg = Release|Any CPU
		{0DCA2E20-C768-45F6-9DFC-56F2385838FE}.Release|Any CPU.Build.0 = Release|Any CPU
		{18F4F924-FCD1-43D4-A9A7-EF9A12D35BBE}.Debug|Any CPU.ActiveCfg = Debug|Any CPU
		{18F4F924-FCD1-43D4-A9A7-EF9A12D35BBE}.Debug|Any CPU.Build.0 = Debug|Any CPU
		{18F4F924-FCD1-43D4-A9A7-EF9A12D35BBE}.Release|Any CPU.ActiveCfg = Release|Any CPU
		{18F4F924-FCD1-43D4-A9A7-EF9A12D35BBE}.Release|Any CPU.Build.0 = Release|Any CPU
		{55985F15-BCA2-42FF-A5F1-25AFA58EE4F1}.Debug|Any CPU.ActiveCfg = Debug|Any CPU
		{55985F15-BCA2-42FF-A5F1-25AFA58EE4F1}.Debug|Any CPU.Build.0 = Debug|Any CPU
		{55985F15-BCA2-42FF-A5F1-25AFA58EE4F1}.Release|Any CPU.ActiveCfg = Release|Any CPU
		{55985F15-BCA2-42FF-A5F1-25AFA58EE4F1}.Release|Any CPU.Build.0 = Release|Any CPU
		{BA721EFB-0D52-469D-BFC3-B183AF57C07F}.Debug|Any CPU.ActiveCfg = Debug|Any CPU
		{BA721EFB-0D52-469D-BFC3-B183AF57C07F}.Debug|Any CPU.Build.0 = Debug|Any CPU
		{BA721EFB-0D52-469D-BFC3-B183AF57C07F}.Release|Any CPU.ActiveCfg = Release|Any CPU
		{BA721EFB-0D52-469D-BFC3-B183AF57C07F}.Release|Any CPU.Build.0 = Release|Any CPU
		{0CABC97F-4F34-44D9-BA56-F8C5443BA3FD}.Debug|Any CPU.ActiveCfg = Debug|Any CPU
		{0CABC97F-4F34-44D9-BA56-F8C5443BA3FD}.Debug|Any CPU.Build.0 = Debug|Any CPU
		{0CABC97F-4F34-44D9-BA56-F8C5443BA3FD}.Release|Any CPU.ActiveCfg = Release|Any CPU
		{0CABC97F-4F34-44D9-BA56-F8C5443BA3FD}.Release|Any CPU.Build.0 = Release|Any CPU
		{DA0CF37B-07D5-4FEE-A21C-A070113C9A23}.Debug|Any CPU.ActiveCfg = Debug|Any CPU
		{DA0CF37B-07D5-4FEE-A21C-A070113C9A23}.Debug|Any CPU.Build.0 = Debug|Any CPU
		{DA0CF37B-07D5-4FEE-A21C-A070113C9A23}.Release|Any CPU.ActiveCfg = Release|Any CPU
		{DA0CF37B-07D5-4FEE-A21C-A070113C9A23}.Release|Any CPU.Build.0 = Release|Any CPU
		{21CFD1D4-8D7F-4A3D-A529-F952DAAA9214}.Debug|Any CPU.ActiveCfg = Debug|Any CPU
		{21CFD1D4-8D7F-4A3D-A529-F952DAAA9214}.Debug|Any CPU.Build.0 = Debug|Any CPU
		{21CFD1D4-8D7F-4A3D-A529-F952DAAA9214}.Release|Any CPU.ActiveCfg = Release|Any CPU
		{21CFD1D4-8D7F-4A3D-A529-F952DAAA9214}.Release|Any CPU.Build.0 = Release|Any CPU
		{39ECE61F-EEFF-446E-AB53-69EAC3B1BC27}.Debug|Any CPU.ActiveCfg = Debug|Any CPU
		{39ECE61F-EEFF-446E-AB53-69EAC3B1BC27}.Debug|Any CPU.Build.0 = Debug|Any CPU
		{39ECE61F-EEFF-446E-AB53-69EAC3B1BC27}.Release|Any CPU.ActiveCfg = Release|Any CPU
		{39ECE61F-EEFF-446E-AB53-69EAC3B1BC27}.Release|Any CPU.Build.0 = Release|Any CPU
		{A1D0E05A-8E49-4B35-9B22-101E4CAAFC78}.Debug|Any CPU.ActiveCfg = Debug|Any CPU
		{A1D0E05A-8E49-4B35-9B22-101E4CAAFC78}.Debug|Any CPU.Build.0 = Debug|Any CPU
		{A1D0E05A-8E49-4B35-9B22-101E4CAAFC78}.Release|Any CPU.ActiveCfg = Release|Any CPU
		{A1D0E05A-8E49-4B35-9B22-101E4CAAFC78}.Release|Any CPU.Build.0 = Release|Any CPU
		{0139C30E-D7C6-4431-B601-34E1A2024EE6}.Debug|Any CPU.ActiveCfg = Debug|Any CPU
		{0139C30E-D7C6-4431-B601-34E1A2024EE6}.Debug|Any CPU.Build.0 = Debug|Any CPU
		{0139C30E-D7C6-4431-B601-34E1A2024EE6}.Release|Any CPU.ActiveCfg = Release|Any CPU
		{0139C30E-D7C6-4431-B601-34E1A2024EE6}.Release|Any CPU.Build.0 = Release|Any CPU
		{A709586A-F9BB-4313-8A2E-3582C12F85F5}.Debug|Any CPU.ActiveCfg = Debug|Any CPU
		{A709586A-F9BB-4313-8A2E-3582C12F85F5}.Debug|Any CPU.Build.0 = Debug|Any CPU
		{A709586A-F9BB-4313-8A2E-3582C12F85F5}.Release|Any CPU.ActiveCfg = Release|Any CPU
		{A709586A-F9BB-4313-8A2E-3582C12F85F5}.Release|Any CPU.Build.0 = Release|Any CPU
		{94F9C925-5E65-44C2-8F73-AF140DBD1EA0}.Debug|Any CPU.ActiveCfg = Debug|Any CPU
		{94F9C925-5E65-44C2-8F73-AF140DBD1EA0}.Debug|Any CPU.Build.0 = Debug|Any CPU
		{94F9C925-5E65-44C2-8F73-AF140DBD1EA0}.Release|Any CPU.ActiveCfg = Release|Any CPU
		{94F9C925-5E65-44C2-8F73-AF140DBD1EA0}.Release|Any CPU.Build.0 = Release|Any CPU
		{3560699F-DD7F-4BA2-9DF9-FBCAB8577163}.Debug|Any CPU.ActiveCfg = Debug|Any CPU
		{3560699F-DD7F-4BA2-9DF9-FBCAB8577163}.Debug|Any CPU.Build.0 = Debug|Any CPU
		{3560699F-DD7F-4BA2-9DF9-FBCAB8577163}.Release|Any CPU.ActiveCfg = Release|Any CPU
		{3560699F-DD7F-4BA2-9DF9-FBCAB8577163}.Release|Any CPU.Build.0 = Release|Any CPU
	EndGlobalSection
	GlobalSection(SolutionProperties) = preSolution
		HideSolutionNode = FALSE
	EndGlobalSection
	GlobalSection(NestedProjects) = preSolution
		{5B3BAC05-AA3A-4AEE-BCC5-EB6A5384337B} = {57E3A90B-AE82-42D3-B197-823136E909E3}
		{1A40E2B7-5417-4EE6-AE35-39B50111DAE5} = {57E3A90B-AE82-42D3-B197-823136E909E3}
		{8C904F13-155C-4541-AE4C-0C572820DE5A} = {57E3A90B-AE82-42D3-B197-823136E909E3}
		{5DF40CAB-DB48-4E3D-9396-4905F30CA518} = {57E3A90B-AE82-42D3-B197-823136E909E3}
		{4B45BE1F-6774-4B22-9814-CD547191346E} = {F12515F8-0D43-4456-8AC1-2E9F055FA7EB}
		{964DA75D-C420-42CC-BBED-B02082AA5310} = {F12515F8-0D43-4456-8AC1-2E9F055FA7EB}
		{0DCA2E20-C768-45F6-9DFC-56F2385838FE} = {F12515F8-0D43-4456-8AC1-2E9F055FA7EB}
		{18F4F924-FCD1-43D4-A9A7-EF9A12D35BBE} = {F12515F8-0D43-4456-8AC1-2E9F055FA7EB}
		{55985F15-BCA2-42FF-A5F1-25AFA58EE4F1} = {F12515F8-0D43-4456-8AC1-2E9F055FA7EB}
		{BA721EFB-0D52-469D-BFC3-B183AF57C07F} = {F12515F8-0D43-4456-8AC1-2E9F055FA7EB}
		{0CABC97F-4F34-44D9-BA56-F8C5443BA3FD} = {F4803762-6445-4159-B1B5-74DABA5C87D8}
		{DA0CF37B-07D5-4FEE-A21C-A070113C9A23} = {F4803762-6445-4159-B1B5-74DABA5C87D8}
		{21CFD1D4-8D7F-4A3D-A529-F952DAAA9214} = {F4803762-6445-4159-B1B5-74DABA5C87D8}
		{39ECE61F-EEFF-446E-AB53-69EAC3B1BC27} = {F4803762-6445-4159-B1B5-74DABA5C87D8}
		{A1D0E05A-8E49-4B35-9B22-101E4CAAFC78} = {F4803762-6445-4159-B1B5-74DABA5C87D8}
		{0139C30E-D7C6-4431-B601-34E1A2024EE6} = {F4803762-6445-4159-B1B5-74DABA5C87D8}
		{A709586A-F9BB-4313-8A2E-3582C12F85F5} = {8F207D4C-A234-4186-9A98-7037497557A1}
		{94F9C925-5E65-44C2-8F73-AF140DBD1EA0} = {8F207D4C-A234-4186-9A98-7037497557A1}
		{3560699F-DD7F-4BA2-9DF9-FBCAB8577163} = {8F207D4C-A234-4186-9A98-7037497557A1}
	EndGlobalSection
EndGlobal
